
Microsoft Visual Studio Solution File, Format Version 12.00
# Visual Studio 2013
VisualStudioVersion = 12.0.0.0
MinimumVisualStudioVersion = 10.0.0.1
Project("{8BB2217D-0F2D-49D1-97BC-3654ED321F3B}") = "uBlogger.Api", "src\uBlogger.Api\uBlogger.Api.xproj", "{6F8F944B-0BF2-4532-B553-CF7720F7A742}"
EndProject
Project("{8BB2217D-0F2D-49D1-97BC-3654ED321F3B}") = "uBlogger.Domain", "src\uBlogger.Domain\uBlogger.Domain.xproj", "{92B1AE5E-0969-48BC-895B-11E89EE314B5}"
EndProject
Project("{8BB2217D-0F2D-49D1-97BC-3654ED321F3B}") = "uBlogger.Infrastructure", "src\uBlogger.Infrastructure\uBlogger.Infrastructure.xproj", "{D5208C2F-4D9B-477A-A04D-9F0443D99E22}"
EndProject
Global
	GlobalSection(SolutionConfigurationPlatforms) = preSolution
		Debug|Any CPU = Debug|Any CPU
		Release|Any CPU = Release|Any CPU
	EndGlobalSection
	GlobalSection(ProjectConfigurationPlatforms) = postSolution
		{6F8F944B-0BF2-4532-B553-CF7720F7A742}.Debug|Any CPU.ActiveCfg = Debug|Any CPU
		{6F8F944B-0BF2-4532-B553-CF7720F7A742}.Debug|Any CPU.Build.0 = Debug|Any CPU
		{6F8F944B-0BF2-4532-B553-CF7720F7A742}.Release|Any CPU.ActiveCfg = Release|Any CPU
		{6F8F944B-0BF2-4532-B553-CF7720F7A742}.Release|Any CPU.Build.0 = Release|Any CPU
		{92B1AE5E-0969-48BC-895B-11E89EE314B5}.Debug|Any CPU.ActiveCfg = Debug|Any CPU
		{92B1AE5E-0969-48BC-895B-11E89EE314B5}.Debug|Any CPU.Build.0 = Debug|Any CPU
		{92B1AE5E-0969-48BC-895B-11E89EE314B5}.Release|Any CPU.ActiveCfg = Release|Any CPU
		{92B1AE5E-0969-48BC-895B-11E89EE314B5}.Release|Any CPU.Build.0 = Release|Any CPU
		{D5208C2F-4D9B-477A-A04D-9F0443D99E22}.Debug|Any CPU.ActiveCfg = Debug|Any CPU
		{D5208C2F-4D9B-477A-A04D-9F0443D99E22}.Debug|Any CPU.Build.0 = Debug|Any CPU
		{D5208C2F-4D9B-477A-A04D-9F0443D99E22}.Release|Any CPU.ActiveCfg = Release|Any CPU
		{D5208C2F-4D9B-477A-A04D-9F0443D99E22}.Release|Any CPU.Build.0 = Release|Any CPU
	EndGlobalSection
	GlobalSection(SolutionProperties) = preSolution
		HideSolutionNode = FALSE
	EndGlobalSection
EndGlobal
