
Microsoft Visual Studio Solution File, Format Version 12.00
# Visual Studio 2013
VisualStudioVersion = 12.0.0.0
MinimumVisualStudioVersion = 10.0.0.1
Project("{8BB2217D-0F2D-49D1-97BC-3654ED321F3B}") = "uBlogger.Api", "src\uBlogger.Api\uBlogger.Api.xproj", "{6F8F944B-0BF2-4532-B553-CF7720F7A742}"
EndProject
Project("{8BB2217D-0F2D-49D1-97BC-3654ED321F3B}") = "uBlogger.Infrastructure", "src\uBlogger.Infrastructure\uBlogger.Infrastructure.xproj", "{D5208C2F-4D9B-477A-A04D-9F0443D99E22}"
EndProject
Project("{8BB2217D-0F2D-49D1-97BC-3654ED321F3B}") = "Microsoft.Azure.ServiceBus", "src\Microsoft.Azure.ServiceBus\Microsoft.Azure.ServiceBus.xproj", "{5A3F9C0C-D5CF-4B52-A2F4-AA80558E730D}"
EndProject
Global
	GlobalSection(SolutionConfigurationPlatforms) = preSolution
		Debug|Any CPU = Debug|Any CPU
		Release|Any CPU = Release|Any CPU
	EndGlobalSection
	GlobalSection(ProjectConfigurationPlatforms) = postSolution
		{6F8F944B-0BF2-4532-B553-CF7720F7A742}.Debug|Any CPU.ActiveCfg = Debug|Any CPU
		{6F8F944B-0BF2-4532-B553-CF7720F7A742}.Debug|Any CPU.Build.0 = Debug|Any CPU
		{6F8F944B-0BF2-4532-B553-CF7720F7A742}.Release|Any CPU.ActiveCfg = Release|Any CPU
		{6F8F944B-0BF2-4532-B553-CF7720F7A742}.Release|Any CPU.Build.0 = Release|Any CPU
		{D5208C2F-4D9B-477A-A04D-9F0443D99E22}.Debug|Any CPU.ActiveCfg = Debug|Any CPU
		{D5208C2F-4D9B-477A-A04D-9F0443D99E22}.Debug|Any CPU.Build.0 = Debug|Any CPU
		{D5208C2F-4D9B-477A-A04D-9F0443D99E22}.Release|Any CPU.ActiveCfg = Release|Any CPU
		{D5208C2F-4D9B-477A-A04D-9F0443D99E22}.Release|Any CPU.Build.0 = Release|Any CPU
		{5A3F9C0C-D5CF-4B52-A2F4-AA80558E730D}.Debug|Any CPU.ActiveCfg = Debug|Any CPU
		{5A3F9C0C-D5CF-4B52-A2F4-AA80558E730D}.Debug|Any CPU.Build.0 = Debug|Any CPU
		{5A3F9C0C-D5CF-4B52-A2F4-AA80558E730D}.Release|Any CPU.ActiveCfg = Release|Any CPU
		{5A3F9C0C-D5CF-4B52-A2F4-AA80558E730D}.Release|Any CPU.Build.0 = Release|Any CPU
	EndGlobalSection
	GlobalSection(SolutionProperties) = preSolution
		HideSolutionNode = FALSE
	EndGlobalSection
EndGlobal
